Microsoft Visual Studio Solution File, Format Version 12.00
# Visual Studio Version 17
VisualStudioVersion = 17.12.35410.144 d17.12
MinimumVisualStudioVersion = 10.0.40219.1
Project("{FAE04EC0-301F-11D3-BF4B-00C04F79EFBC}") = "AspireApp1.AppHost", "AspireApp1.AppHost\AspireApp1.AppHost.csproj", "{DEFC51C3-341D-4A48-9C0A-7F7ACAAEA2DE}"
EndProject
Project("{FAE04EC0-301F-11D3-BF4B-00C04F79EFBC}") = "AspireApp1.ServiceDefaults", "AspireApp1.ServiceDefaults\AspireApp1.ServiceDefaults.csproj", "{48AF825C-16E1-4079-8B15-CB9B72DBEADE}"
EndProject
Project("{FAE04EC0-301F-11D3-BF4B-00C04F79EFBC}") = "AspireApp1.ApiService", "AspireApp1.ApiService\AspireApp1.ApiService.csproj", "{3647F5B3-A550-45E2-AF87-7565D2431018}"
EndProject
Project("{FAE04EC0-301F-11D3-BF4B-00C04F79EFBC}") = "AspireApp1.Web", "AspireApp1.Web\AspireApp1.Web.csproj", "{DD774B35-9087-4F8C-9FE8-691AFC041FED}"
EndProject
Global
	GlobalSection(SolutionConfigurationPlatforms) = preSolution
		Debug|Any CPU = Debug|Any CPU
		Release|Any CPU = Release|Any CPU
	EndGlobalSection
	GlobalSection(ProjectConfigurationPlatforms) = postSolution
		{DEFC51C3-341D-4A48-9C0A-7F7ACAAEA2DE}.Debug|Any CPU.ActiveCfg = Debug|Any CPU
		{DEFC51C3-341D-4A48-9C0A-7F7ACAAEA2DE}.Debug|Any CPU.Build.0 = Debug|Any CPU
		{DEFC51C3-341D-4A48-9C0A-7F7ACAAEA2DE}.Release|Any CPU.ActiveCfg = Release|Any CPU
		{DEFC51C3-341D-4A48-9C0A-7F7ACAAEA2DE}.Release|Any CPU.Build.0 = Release|Any CPU
		{48AF825C-16E1-4079-8B15-CB9B72DBEADE}.Debug|Any CPU.ActiveCfg = Debug|Any CPU
		{48AF825C-16E1-4079-8B15-CB9B72DBEADE}.Debug|Any CPU.Build.0 = Debug|Any CPU
		{48AF825C-16E1-4079-8B15-CB9B72DBEADE}.Release|Any CPU.ActiveCfg = Release|Any CPU
		{48AF825C-16E1-4079-8B15-CB9B72DBEADE}.Release|Any CPU.Build.0 = Release|Any CPU
		{3647F5B3-A550-45E2-AF87-7565D2431018}.Debug|Any CPU.ActiveCfg = Debug|Any CPU
		{3647F5B3-A550-45E2-AF87-7565D2431018}.Debug|Any CPU.Build.0 = Debug|Any CPU
		{3647F5B3-A550-45E2-AF87-7565D2431018}.Release|Any CPU.ActiveCfg = Release|Any CPU
		{3647F5B3-A550-45E2-AF87-7565D2431018}.Release|Any CPU.Build.0 = Release|Any CPU
		{DD774B35-9087-4F8C-9FE8-691AFC041FED}.Debug|Any CPU.ActiveCfg = Debug|Any CPU
		{DD774B35-9087-4F8C-9FE8-691AFC041FED}.Debug|Any CPU.Build.0 = Debug|Any CPU
		{DD774B35-9087-4F8C-9FE8-691AFC041FED}.Release|Any CPU.ActiveCfg = Release|Any CPU
		{DD774B35-9087-4F8C-9FE8-691AFC041FED}.Release|Any CPU.Build.0 = Release|Any CPU
	EndGlobalSection
	GlobalSection(SolutionProperties) = preSolution
		HideSolutionNode = FALSE
	EndGlobalSection
EndGlobal
